<?xml version="1.0" encoding="utf-8"?>
<Project ToolsVersion="4.0" xmlns="http://schemas.microsoft.com/developer/msbuild/2003">
  <ItemGroup>
    <Filter Include="Source Files">
      <UniqueIdentifier>{4FC737F1-C7A5-4376-A066-2A32D752A2FF}</UniqueIdentifier>
      <Extensions>cpp;c;cc;cxx;def;odl;idl;hpj;bat;asm;asmx</Extensions>
    </Filter>
    <Filter Include="Header Files">
      <UniqueIdentifier>{93995380-89BD-4b04-88EB-625FBE52EBFB}</UniqueIdentifier>
      <Extensions>h;hh;hpp;hxx;hm;inl;inc;ipp;xsd</Extensions>
    </Filter>
    <Filter Include="Resource Files">
      <UniqueIdentifier>{67DA6AB6-F800-4c08-8B7A-83BB121AAD01}</UniqueIdentifier>
      <Extensions>rc;ico;cur;bmp;dlg;rc2;rct;bin;rgs;gif;jpg;jpeg;jpe;resx;tiff;tif;png;wav;mfcribbon-ms</Extensions>
    </Filter>
    <Filter Include="Header Files\Handlers">
      <UniqueIdentifier>{3efe3b68-1d1a-408b-ad32-5d5c5b28dcd3}</UniqueIdentifier>
    </Filter>
    <Filter Include="Header Files\Managers">
      <UniqueIdentifier>{366d5a31-7682-44f7-8ef7-d32d6218104a}</UniqueIdentifier>
    </Filter>
    <Filter Include="Header Files\structs">
      <UniqueIdentifier>{8b7f37f5-648c-4fd0-8579-b93dfa589d7f}</UniqueIdentifier>
    </Filter>
    <Filter Include="Header Files\structs\room">
      <UniqueIdentifier>{e496fb0e-e5ac-48db-a1c9-e889e3e6146b}</UniqueIdentifier>
    </Filter>
    <Filter Include="Header Files\ServerRealtive">
      <UniqueIdentifier>{9fd9565d-79db-4890-8b41-22bfdfb29bed}</UniqueIdentifier>
    </Filter>
    <Filter Include="Header Files\json">
      <UniqueIdentifier>{eb0692fe-ee72-4102-8a15-493413e67621}</UniqueIdentifier>
    </Filter>
    <Filter Include="Source Files\Handlers">
      <UniqueIdentifier>{01779dcc-11a0-4c79-a158-370ebc31900f}</UniqueIdentifier>
    </Filter>
    <Filter Include="Source Files\Mangers">
      <UniqueIdentifier>{32f0e63a-6d50-4182-8719-90069bac2015}</UniqueIdentifier>
    </Filter>
    <Filter Include="Source Files\json">
      <UniqueIdentifier>{0b82d85e-4c9e-49f0-a4f9-5cddb6032b25}</UniqueIdentifier>
    </Filter>
    <Filter Include="Source Files\ServerRealtive">
      <UniqueIdentifier>{9b8437aa-c82d-4d4f-b032-4dffb52dd32a}</UniqueIdentifier>
    </Filter>
    <Filter Include="Source Files\structs">
      <UniqueIdentifier>{1cdb8723-0db1-4d06-84cf-bf3ac6bbc923}</UniqueIdentifier>
    </Filter>
    <Filter Include="Source Files\structs\room">
      <UniqueIdentifier>{37ae3560-e019-49f5-a5ff-922175c51e6e}</UniqueIdentifier>
    </Filter>
  </ItemGroup>
  <ItemGroup>
    <ClCompile Include="MenuRequestHandler.cpp">
      <Filter>Source Files\Handlers</Filter>
    </ClCompile>
    <ClCompile Include="LoginRequestHandler.cpp">
      <Filter>Source Files\Handlers</Filter>
    </ClCompile>
    <ClCompile Include="RequestHandlerFactory.cpp">
      <Filter>Source Files\Handlers</Filter>
    </ClCompile>
    <ClCompile Include="RoomAdminRequestHandler.cpp">
      <Filter>Source Files\Handlers</Filter>
    </ClCompile>
    <ClCompile Include="RoomMemberRequestHandler.cpp">
      <Filter>Source Files\Handlers</Filter>
    </ClCompile>
    <ClCompile Include="GameRequestHandler.cpp">
      <Filter>Source Files\Handlers</Filter>
    </ClCompile>
    <ClCompile Include="SqliteDataBase.cpp">
      <Filter>Source Files\Handlers</Filter>
    </ClCompile>
    <ClCompile Include="LoginManger.cpp">
      <Filter>Source Files\Mangers</Filter>
    </ClCompile>
    <ClCompile Include="RoomManager.cpp">
      <Filter>Source Files\Mangers</Filter>
    </ClCompile>
    <ClCompile Include="StaticsManger.cpp">
      <Filter>Source Files\Mangers</Filter>
    </ClCompile>
    <ClCompile Include="JsonResponsePacketSerializer.cpp">
      <Filter>Source Files\json</Filter>
    </ClCompile>
    <ClCompile Include="JsonRequestPacketDeserializer.cpp">
      <Filter>Source Files\json</Filter>
    </ClCompile>
    <ClCompile Include="Helper.cpp">
      <Filter>Source Files\ServerRealtive</Filter>
    </ClCompile>
    <ClCompile Include="Server.cpp">
      <Filter>Source Files\ServerRealtive</Filter>
    </ClCompile>
    <ClCompile Include="sqlite3.c">
      <Filter>Source Files\ServerRealtive</Filter>
    </ClCompile>
    <ClCompile Include="WSAInitializer.cpp">
      <Filter>Source Files\ServerRealtive</Filter>
    </ClCompile>
    <ClCompile Include="LoggedUser.cpp">
      <Filter>Source Files\structs</Filter>
    </ClCompile>
    <ClCompile Include="main.cpp">
      <Filter>Source Files\ServerRealtive</Filter>
    </ClCompile>
    <ClCompile Include="Communicator.cpp">
      <Filter>Source Files\ServerRealtive</Filter>
    </ClCompile>
    <ClCompile Include="Question.cpp">
      <Filter>Source Files\structs</Filter>
    </ClCompile>
    <ClCompile Include="RoomData.cpp">
      <Filter>Source Files\structs\room</Filter>
    </ClCompile>
    <ClCompile Include="Room.cpp">
      <Filter>Source Files\structs\room</Filter>
    </ClCompile>
    <ClCompile Include="Game.cpp">
      <Filter>Source Files\structs</Filter>
    </ClCompile>
    <ClCompile Include="GameManager.cpp">
      <Filter>Source Files\Mangers</Filter>
    </ClCompile>
  </ItemGroup>
  <ItemGroup>
    <ClInclude Include="Handlers.h">
      <Filter>Header Files\Handlers</Filter>
    </ClInclude>
    <ClInclude Include="GameRequestHandler.h">
      <Filter>Header Files\Handlers</Filter>
    </ClInclude>
    <ClInclude Include="IRequestHandler.h">
      <Filter>Header Files\Handlers</Filter>
    </ClInclude>
    <ClInclude Include="LoginRequestHandler.h">
      <Filter>Header Files\Handlers</Filter>
    </ClInclude>
    <ClInclude Include="MenuRequestHandler.h">
      <Filter>Header Files\Handlers</Filter>
    </ClInclude>
    <ClInclude Include="RequestHandlerFactory.h">
      <Filter>Header Files\Handlers</Filter>
    </ClInclude>
    <ClInclude Include="RoomAdminRequestHandler.h">
      <Filter>Header Files\Handlers</Filter>
    </ClInclude>
    <ClInclude Include="RoomMemberRequestHandler.h">
      <Filter>Header Files\Handlers</Filter>
    </ClInclude>
    <ClInclude Include="LoginManger.h">
      <Filter>Header Files\Managers</Filter>
    </ClInclude>
    <ClInclude Include="RoomManager.h">
      <Filter>Header Files\Managers</Filter>
    </ClInclude>
    <ClInclude Include="StaticsManger.h">
      <Filter>Header Files\Managers</Filter>
    </ClInclude>
    <ClInclude Include="LoggedUser.h">
      <Filter>Header Files\structs</Filter>
    </ClInclude>
    <ClInclude Include="Question.h">
      <Filter>Header Files\structs</Filter>
    </ClInclude>
    <ClInclude Include="Room.h">
      <Filter>Header Files\structs\room</Filter>
    </ClInclude>
    <ClInclude Include="RoomState.h">
      <Filter>Header Files\structs\room</Filter>
    </ClInclude>
    <ClInclude Include="RoomData.h">
      <Filter>Header Files\structs\room</Filter>
    </ClInclude>
    <ClInclude Include="Server.h">
      <Filter>Header Files\ServerRealtive</Filter>
    </ClInclude>
    <ClInclude Include="responseCodeEnum.h">
      <Filter>Header Files\ServerRealtive</Filter>
    </ClInclude>
    <ClInclude Include="ServerEnum.h">
      <Filter>Header Files\ServerRealtive</Filter>
    </ClInclude>
    <ClInclude Include="IDataBase.h">
      <Filter>Header Files\Handlers</Filter>
    </ClInclude>
    <ClInclude Include="SqliteDataBase.h">
      <Filter>Header Files\Handlers</Filter>
    </ClInclude>
    <ClInclude Include="sqlite3.h">
      <Filter>Header Files\ServerRealtive</Filter>
    </ClInclude>
    <ClInclude Include="WSAInitializer.h">
      <Filter>Header Files\ServerRealtive</Filter>
    </ClInclude>
    <ClInclude Include="json.hpp">
      <Filter>Header Files\json</Filter>
    </ClInclude>
    <ClInclude Include="JsonRequestPacketDeserializer.h">
      <Filter>Header Files\json</Filter>
    </ClInclude>
    <ClInclude Include="JsonResponsePacketSerializer.h">
      <Filter>Header Files\json</Filter>
    </ClInclude>
    <ClInclude Include="Helper.h">
      <Filter>Header Files\ServerRealtive</Filter>
    </ClInclude>
    <ClInclude Include="Communicator.h">
      <Filter>Header Files\ServerRealtive</Filter>
    </ClInclude>
    <ClInclude Include="GameData.h">
      <Filter>Header Files\structs</Filter>
    </ClInclude>
    <ClInclude Include="Game.h">
      <Filter>Header Files\structs</Filter>
    </ClInclude>
    <ClInclude Include="GameManager.h">
      <Filter>Header Files\Managers</Filter>
    </ClInclude>
  </ItemGroup>
</Project>